
Microsoft Visual Studio Solution File, Format Version 12.00
# Visual Studio Version 16
VisualStudioVersion = 16.0.31205.134
MinimumVisualStudioVersion = 10.0.40219.1
Project("{FAE04EC0-301F-11D3-BF4B-00C04F79EFBC}") = "Chapter3", "Chapter3\Chapter3.csproj", "{2C15B8DB-4B48-4417-A0D0-BBB66852B88E}"
EndProject
Project("{9A19103F-16F7-4668-BE54-9A1E7A4F7556}") = "Juster.Common", "..\Juster.Common\Juster.Common.csproj", "{CA128641-A5A4-47F0-BA0A-5FD5F9223AA3}"
EndProject
Global
	GlobalSection(SolutionConfigurationPlatforms) = preSolution
		Debug|Any CPU = Debug|Any CPU
		Release|Any CPU = Release|Any CPU
	EndGlobalSection
	GlobalSection(ProjectConfigurationPlatforms) = postSolution
		{2C15B8DB-4B48-4417-A0D0-BBB66852B88E}.Debug|Any CPU.ActiveCfg = Debug|Any CPU
		{2C15B8DB-4B48-4417-A0D0-BBB66852B88E}.Debug|Any CPU.Build.0 = Debug|Any CPU
		{2C15B8DB-4B48-4417-A0D0-BBB66852B88E}.Release|Any CPU.ActiveCfg = Release|Any CPU
		{2C15B8DB-4B48-4417-A0D0-BBB66852B88E}.Release|Any CPU.Build.0 = Release|Any CPU
		{CA128641-A5A4-47F0-BA0A-5FD5F9223AA3}.Debug|Any CPU.ActiveCfg = Debug|Any CPU
		{CA128641-A5A4-47F0-BA0A-5FD5F9223AA3}.Debug|Any CPU.Build.0 = Debug|Any CPU
		{CA128641-A5A4-47F0-BA0A-5FD5F9223AA3}.Release|Any CPU.ActiveCfg = Release|Any CPU
		{CA128641-A5A4-47F0-BA0A-5FD5F9223AA3}.Release|Any CPU.Build.0 = Release|Any CPU
	EndGlobalSection
	GlobalSection(SolutionProperties) = preSolution
		HideSolutionNode = FALSE
	EndGlobalSection
	GlobalSection(ExtensibilityGlobals) = postSolution
		SolutionGuid = {1FE4672D-7525-47B5-96D0-91A1ABBDA1F8}
	EndGlobalSection
EndGlobal
