
Microsoft Visual Studio Solution File, Format Version 12.00
# Visual Studio Version 16
VisualStudioVersion = 16.0.31205.134
MinimumVisualStudioVersion = 10.0.40219.1
Project("{9A19103F-16F7-4668-BE54-9A1E7A4F7556}") = "Chapter6", "Chapter6.csproj", "{98577F45-5A59-4951-8992-2DDB174AD703}"
EndProject
Project("{9A19103F-16F7-4668-BE54-9A1E7A4F7556}") = "Juster.Common", "Juster.Common\Juster.Common.csproj", "{C790C167-6DC3-476F-B61F-25C416A5D149}"
EndProject
Global
	GlobalSection(SolutionConfigurationPlatforms) = preSolution
		Debug|Any CPU = Debug|Any CPU
		Release|Any CPU = Release|Any CPU
	EndGlobalSection
	GlobalSection(ProjectConfigurationPlatforms) = postSolution
		{98577F45-5A59-4951-8992-2DDB174AD703}.Debug|Any CPU.ActiveCfg = Debug|Any CPU
		{98577F45-5A59-4951-8992-2DDB174AD703}.Debug|Any CPU.Build.0 = Debug|Any CPU
		{98577F45-5A59-4951-8992-2DDB174AD703}.Release|Any CPU.ActiveCfg = Release|Any CPU
		{98577F45-5A59-4951-8992-2DDB174AD703}.Release|Any CPU.Build.0 = Release|Any CPU
		{C790C167-6DC3-476F-B61F-25C416A5D149}.Debug|Any CPU.ActiveCfg = Debug|Any CPU
		{C790C167-6DC3-476F-B61F-25C416A5D149}.Debug|Any CPU.Build.0 = Debug|Any CPU
		{C790C167-6DC3-476F-B61F-25C416A5D149}.Release|Any CPU.ActiveCfg = Release|Any CPU
		{C790C167-6DC3-476F-B61F-25C416A5D149}.Release|Any CPU.Build.0 = Release|Any CPU
	EndGlobalSection
	GlobalSection(SolutionProperties) = preSolution
		HideSolutionNode = FALSE
	EndGlobalSection
	GlobalSection(ExtensibilityGlobals) = postSolution
		SolutionGuid = {2932949D-7A5F-47A1-BE19-9554DE1FC182}
	EndGlobalSection
EndGlobal
