
Microsoft Visual Studio Solution File, Format Version 12.00
# Visual Studio Version 16
VisualStudioVersion = 16.0.31205.134
MinimumVisualStudioVersion = 10.0.40219.1
Project("{9A19103F-16F7-4668-BE54-9A1E7A4F7556}") = "Chapter8", "Chapter8.csproj", "{A3F46BEC-88D7-4B27-8B04-8A51E1AA46C3}"
EndProject
Project("{2150E333-8FDC-42A3-9474-1A3956D46DE8}") = "Apps", "Apps", "{BAA7FAC7-81CA-409E-8C35-4E90232EC407}"
EndProject
Project("{2150E333-8FDC-42A3-9474-1A3956D46DE8}") = "Data", "Data", "{ECD18053-C6FD-498B-B71A-49B85FCEA91B}"
EndProject
Project("{2150E333-8FDC-42A3-9474-1A3956D46DE8}") = "Infrastructure", "Infrastructure", "{2F0D4E62-622A-4814-A922-FA29AFE1CD8C}"
EndProject
Project("{9A19103F-16F7-4668-BE54-9A1E7A4F7556}") = "Chapter8.AddFriend", "..\Chapter8.AddFriend\Chapter8.AddFriend.csproj", "{7A8399C6-C65E-40B5-A64C-2B1FE20C95F4}"
EndProject
Project("{9A19103F-16F7-4668-BE54-9A1E7A4F7556}") = "Chapter8.Group", "..\Chapter8.Group\Chapter8.Group.csproj", "{32A40BD4-43D7-4364-AAE9-16A32D2FED93}"
EndProject
Project("{9A19103F-16F7-4668-BE54-9A1E7A4F7556}") = "Chapter8.Http", "..\Chapter8.HttpCore\Chapter8.Http.csproj", "{B490B697-A0A2-48E8-B3CB-85DAE4C6D0BD}"
EndProject
Project("{9A19103F-16F7-4668-BE54-9A1E7A4F7556}") = "Chapter8.Sqlite", "..\Chapter8.SqliteCore\Chapter8.Sqlite.csproj", "{8C22285D-8465-4EF4-8131-D1E9F4A55C10}"
EndProject
Project("{9A19103F-16F7-4668-BE54-9A1E7A4F7556}") = "Chapter8.Socket", "..\Chapter8.SocketCore\Chapter8.Socket.csproj", "{D898238E-B58A-4DCF-8688-D47ACB1702AB}"
EndProject
Project("{9A19103F-16F7-4668-BE54-9A1E7A4F7556}") = "Chapter8.File", "..\Chapter8.FileCore\Chapter8.File.csproj", "{2970BC54-DFAD-4336-85E6-9DFE091687B8}"
EndProject
Project("{9A19103F-16F7-4668-BE54-9A1E7A4F7556}") = "Chapter8.SingnalR", "..\Chapter8.SingnalRCore\Chapter8.SingnalR.csproj", "{D880ECCD-B82E-4BB9-A16B-11C963D86D99}"
EndProject
Project("{9A19103F-16F7-4668-BE54-9A1E7A4F7556}") = "Chapter8.Infrastructure.DTO", "..\Chapter8.Infrastructure.DTO\Chapter8.Infrastructure.DTO.csproj", "{0C5396BE-DEA8-4FCB-97D7-F43FC03FB4A3}"
EndProject
Project("{9A19103F-16F7-4668-BE54-9A1E7A4F7556}") = "Chapter8.Infrastructure.Logger", "..\Chapter8.Infrastructure.Logger\Chapter8.Infrastructure.Logger.csproj", "{F6D1CEA8-B637-4B99-A401-D96F446A6750}"
EndProject
Project("{9A19103F-16F7-4668-BE54-9A1E7A4F7556}") = "Chapter8.Infrastructure.Common", "..\Chapter8.Infrastructure.Common\Chapter8.Infrastructure.Common.csproj", "{1DFF4996-2692-4F36-BF49-FD8934BBB458}"
EndProject
Project("{9A19103F-16F7-4668-BE54-9A1E7A4F7556}") = "Chapter8.Infrastructure.Controls", "..\Chapter8.Infrastructure.Controls\Chapter8.Infrastructure.Controls.csproj", "{8998A104-F3D1-4D8C-ADBE-97DDE7BE88A0}"
EndProject
Project("{9A19103F-16F7-4668-BE54-9A1E7A4F7556}") = "Chapter8.Infrastructure.DataProxy", "..\Chapter8.Infrastructure.DataProxy\Chapter8.Infrastructure.DataProxy.csproj", "{7A74576C-E64C-45F5-B800-1A3EAE537B0B}"
EndProject
Project("{9A19103F-16F7-4668-BE54-9A1E7A4F7556}") = "Chapter8.Infrastructure.Resources", "..\Chapter8.Infrastructure.Resources\Chapter8.Infrastructure.Resources.csproj", "{4BDED0C7-BB57-4F48-9D61-C6DCB4DC2F1C}"
EndProject
Project("{FAE04EC0-301F-11D3-BF4B-00C04F79EFBC}") = "Chapter8.Infrastructure.Update", "..\Chapter8.Infrastructure.Update\Chapter8.Infrastructure.Update.csproj", "{D7392766-B202-4F35-9599-A7FF3D41145C}"
EndProject
Global
	GlobalSection(SolutionConfigurationPlatforms) = preSolution
		Debug|Any CPU = Debug|Any CPU
		Release|Any CPU = Release|Any CPU
	EndGlobalSection
	GlobalSection(ProjectConfigurationPlatforms) = postSolution
		{A3F46BEC-88D7-4B27-8B04-8A51E1AA46C3}.Debug|Any CPU.ActiveCfg = Debug|Any CPU
		{A3F46BEC-88D7-4B27-8B04-8A51E1AA46C3}.Debug|Any CPU.Build.0 = Debug|Any CPU
		{A3F46BEC-88D7-4B27-8B04-8A51E1AA46C3}.Release|Any CPU.ActiveCfg = Release|Any CPU
		{A3F46BEC-88D7-4B27-8B04-8A51E1AA46C3}.Release|Any CPU.Build.0 = Release|Any CPU
		{7A8399C6-C65E-40B5-A64C-2B1FE20C95F4}.Debug|Any CPU.ActiveCfg = Debug|Any CPU
		{7A8399C6-C65E-40B5-A64C-2B1FE20C95F4}.Debug|Any CPU.Build.0 = Debug|Any CPU
		{7A8399C6-C65E-40B5-A64C-2B1FE20C95F4}.Release|Any CPU.ActiveCfg = Release|Any CPU
		{7A8399C6-C65E-40B5-A64C-2B1FE20C95F4}.Release|Any CPU.Build.0 = Release|Any CPU
		{32A40BD4-43D7-4364-AAE9-16A32D2FED93}.Debug|Any CPU.ActiveCfg = Debug|Any CPU
		{32A40BD4-43D7-4364-AAE9-16A32D2FED93}.Debug|Any CPU.Build.0 = Debug|Any CPU
		{32A40BD4-43D7-4364-AAE9-16A32D2FED93}.Release|Any CPU.ActiveCfg = Release|Any CPU
		{32A40BD4-43D7-4364-AAE9-16A32D2FED93}.Release|Any CPU.Build.0 = Release|Any CPU
		{B490B697-A0A2-48E8-B3CB-85DAE4C6D0BD}.Debug|Any CPU.ActiveCfg = Debug|Any CPU
		{B490B697-A0A2-48E8-B3CB-85DAE4C6D0BD}.Debug|Any CPU.Build.0 = Debug|Any CPU
		{B490B697-A0A2-48E8-B3CB-85DAE4C6D0BD}.Release|Any CPU.ActiveCfg = Release|Any CPU
		{B490B697-A0A2-48E8-B3CB-85DAE4C6D0BD}.Release|Any CPU.Build.0 = Release|Any CPU
		{8C22285D-8465-4EF4-8131-D1E9F4A55C10}.Debug|Any CPU.ActiveCfg = Debug|Any CPU
		{8C22285D-8465-4EF4-8131-D1E9F4A55C10}.Debug|Any CPU.Build.0 = Debug|Any CPU
		{8C22285D-8465-4EF4-8131-D1E9F4A55C10}.Release|Any CPU.ActiveCfg = Release|Any CPU
		{8C22285D-8465-4EF4-8131-D1E9F4A55C10}.Release|Any CPU.Build.0 = Release|Any CPU
		{D898238E-B58A-4DCF-8688-D47ACB1702AB}.Debug|Any CPU.ActiveCfg = Debug|Any CPU
		{D898238E-B58A-4DCF-8688-D47ACB1702AB}.Debug|Any CPU.Build.0 = Debug|Any CPU
		{D898238E-B58A-4DCF-8688-D47ACB1702AB}.Release|Any CPU.ActiveCfg = Release|Any CPU
		{D898238E-B58A-4DCF-8688-D47ACB1702AB}.Release|Any CPU.Build.0 = Release|Any CPU
		{2970BC54-DFAD-4336-85E6-9DFE091687B8}.Debug|Any CPU.ActiveCfg = Debug|Any CPU
		{2970BC54-DFAD-4336-85E6-9DFE091687B8}.Debug|Any CPU.Build.0 = Debug|Any CPU
		{2970BC54-DFAD-4336-85E6-9DFE091687B8}.Release|Any CPU.ActiveCfg = Release|Any CPU
		{2970BC54-DFAD-4336-85E6-9DFE091687B8}.Release|Any CPU.Build.0 = Release|Any CPU
		{D880ECCD-B82E-4BB9-A16B-11C963D86D99}.Debug|Any CPU.ActiveCfg = Debug|Any CPU
		{D880ECCD-B82E-4BB9-A16B-11C963D86D99}.Debug|Any CPU.Build.0 = Debug|Any CPU
		{D880ECCD-B82E-4BB9-A16B-11C963D86D99}.Release|Any CPU.ActiveCfg = Release|Any CPU
		{D880ECCD-B82E-4BB9-A16B-11C963D86D99}.Release|Any CPU.Build.0 = Release|Any CPU
		{0C5396BE-DEA8-4FCB-97D7-F43FC03FB4A3}.Debug|Any CPU.ActiveCfg = Debug|Any CPU
		{0C5396BE-DEA8-4FCB-97D7-F43FC03FB4A3}.Debug|Any CPU.Build.0 = Debug|Any CPU
		{0C5396BE-DEA8-4FCB-97D7-F43FC03FB4A3}.Release|Any CPU.ActiveCfg = Release|Any CPU
		{0C5396BE-DEA8-4FCB-97D7-F43FC03FB4A3}.Release|Any CPU.Build.0 = Release|Any CPU
		{F6D1CEA8-B637-4B99-A401-D96F446A6750}.Debug|Any CPU.ActiveCfg = Debug|Any CPU
		{F6D1CEA8-B637-4B99-A401-D96F446A6750}.Debug|Any CPU.Build.0 = Debug|Any CPU
		{F6D1CEA8-B637-4B99-A401-D96F446A6750}.Release|Any CPU.ActiveCfg = Release|Any CPU
		{F6D1CEA8-B637-4B99-A401-D96F446A6750}.Release|Any CPU.Build.0 = Release|Any CPU
		{1DFF4996-2692-4F36-BF49-FD8934BBB458}.Debug|Any CPU.ActiveCfg = Debug|Any CPU
		{1DFF4996-2692-4F36-BF49-FD8934BBB458}.Debug|Any CPU.Build.0 = Debug|Any CPU
		{1DFF4996-2692-4F36-BF49-FD8934BBB458}.Release|Any CPU.ActiveCfg = Release|Any CPU
		{1DFF4996-2692-4F36-BF49-FD8934BBB458}.Release|Any CPU.Build.0 = Release|Any CPU
		{8998A104-F3D1-4D8C-ADBE-97DDE7BE88A0}.Debug|Any CPU.ActiveCfg = Debug|Any CPU
		{8998A104-F3D1-4D8C-ADBE-97DDE7BE88A0}.Debug|Any CPU.Build.0 = Debug|Any CPU
		{8998A104-F3D1-4D8C-ADBE-97DDE7BE88A0}.Release|Any CPU.ActiveCfg = Release|Any CPU
		{8998A104-F3D1-4D8C-ADBE-97DDE7BE88A0}.Release|Any CPU.Build.0 = Release|Any CPU
		{7A74576C-E64C-45F5-B800-1A3EAE537B0B}.Debug|Any CPU.ActiveCfg = Debug|Any CPU
		{7A74576C-E64C-45F5-B800-1A3EAE537B0B}.Debug|Any CPU.Build.0 = Debug|Any CPU
		{7A74576C-E64C-45F5-B800-1A3EAE537B0B}.Release|Any CPU.ActiveCfg = Release|Any CPU
		{7A74576C-E64C-45F5-B800-1A3EAE537B0B}.Release|Any CPU.Build.0 = Release|Any CPU
		{4BDED0C7-BB57-4F48-9D61-C6DCB4DC2F1C}.Debug|Any CPU.ActiveCfg = Debug|Any CPU
		{4BDED0C7-BB57-4F48-9D61-C6DCB4DC2F1C}.Debug|Any CPU.Build.0 = Debug|Any CPU
		{4BDED0C7-BB57-4F48-9D61-C6DCB4DC2F1C}.Release|Any CPU.ActiveCfg = Release|Any CPU
		{4BDED0C7-BB57-4F48-9D61-C6DCB4DC2F1C}.Release|Any CPU.Build.0 = Release|Any CPU
		{D7392766-B202-4F35-9599-A7FF3D41145C}.Debug|Any CPU.ActiveCfg = Debug|Any CPU
		{D7392766-B202-4F35-9599-A7FF3D41145C}.Debug|Any CPU.Build.0 = Debug|Any CPU
		{D7392766-B202-4F35-9599-A7FF3D41145C}.Release|Any CPU.ActiveCfg = Release|Any CPU
		{D7392766-B202-4F35-9599-A7FF3D41145C}.Release|Any CPU.Build.0 = Release|Any CPU
	EndGlobalSection
	GlobalSection(SolutionProperties) = preSolution
		HideSolutionNode = FALSE
	EndGlobalSection
	GlobalSection(NestedProjects) = preSolution
		{7A8399C6-C65E-40B5-A64C-2B1FE20C95F4} = {BAA7FAC7-81CA-409E-8C35-4E90232EC407}
		{32A40BD4-43D7-4364-AAE9-16A32D2FED93} = {BAA7FAC7-81CA-409E-8C35-4E90232EC407}
		{B490B697-A0A2-48E8-B3CB-85DAE4C6D0BD} = {ECD18053-C6FD-498B-B71A-49B85FCEA91B}
		{8C22285D-8465-4EF4-8131-D1E9F4A55C10} = {ECD18053-C6FD-498B-B71A-49B85FCEA91B}
		{D898238E-B58A-4DCF-8688-D47ACB1702AB} = {ECD18053-C6FD-498B-B71A-49B85FCEA91B}
		{2970BC54-DFAD-4336-85E6-9DFE091687B8} = {ECD18053-C6FD-498B-B71A-49B85FCEA91B}
		{D880ECCD-B82E-4BB9-A16B-11C963D86D99} = {ECD18053-C6FD-498B-B71A-49B85FCEA91B}
		{0C5396BE-DEA8-4FCB-97D7-F43FC03FB4A3} = {2F0D4E62-622A-4814-A922-FA29AFE1CD8C}
		{F6D1CEA8-B637-4B99-A401-D96F446A6750} = {2F0D4E62-622A-4814-A922-FA29AFE1CD8C}
		{1DFF4996-2692-4F36-BF49-FD8934BBB458} = {2F0D4E62-622A-4814-A922-FA29AFE1CD8C}
		{8998A104-F3D1-4D8C-ADBE-97DDE7BE88A0} = {2F0D4E62-622A-4814-A922-FA29AFE1CD8C}
		{7A74576C-E64C-45F5-B800-1A3EAE537B0B} = {2F0D4E62-622A-4814-A922-FA29AFE1CD8C}
		{4BDED0C7-BB57-4F48-9D61-C6DCB4DC2F1C} = {2F0D4E62-622A-4814-A922-FA29AFE1CD8C}
		{D7392766-B202-4F35-9599-A7FF3D41145C} = {2F0D4E62-622A-4814-A922-FA29AFE1CD8C}
	EndGlobalSection
	GlobalSection(ExtensibilityGlobals) = postSolution
		SolutionGuid = {B3E6EA79-DBDE-473C-A498-6E499969E176}
	EndGlobalSection
EndGlobal
