
Microsoft Visual Studio Solution File, Format Version 12.00
# Visual Studio Version 16
VisualStudioVersion = 16.0.31205.134
MinimumVisualStudioVersion = 10.0.40219.1
Project("{9A19103F-16F7-4668-BE54-9A1E7A4F7556}") = "Chapter2", "Chapter2.csproj", "{DB5C77D3-485D-4B3A-BBDC-A63DFDBD0A5E}"
EndProject
Project("{9A19103F-16F7-4668-BE54-9A1E7A4F7556}") = "Juster.Common", "..\Juster.Common\Juster.Common.csproj", "{EB09D940-9125-4F9C-A56D-1EDBAFBE6E21}"
EndProject
Project("{FAE04EC0-301F-11D3-BF4B-00C04F79EFBC}") = "TestFody", "..\TestFody\TestFody.csproj", "{FC6AF3ED-5E03-4680-94A3-866F890B067A}"
EndProject
Global
	GlobalSection(SolutionConfigurationPlatforms) = preSolution
		Debug|Any CPU = Debug|Any CPU
		Release|Any CPU = Release|Any CPU
	EndGlobalSection
	GlobalSection(ProjectConfigurationPlatforms) = postSolution
		{DB5C77D3-485D-4B3A-BBDC-A63DFDBD0A5E}.Debug|Any CPU.ActiveCfg = Debug|Any CPU
		{DB5C77D3-485D-4B3A-BBDC-A63DFDBD0A5E}.Debug|Any CPU.Build.0 = Debug|Any CPU
		{DB5C77D3-485D-4B3A-BBDC-A63DFDBD0A5E}.Release|Any CPU.ActiveCfg = Release|Any CPU
		{DB5C77D3-485D-4B3A-BBDC-A63DFDBD0A5E}.Release|Any CPU.Build.0 = Release|Any CPU
		{EB09D940-9125-4F9C-A56D-1EDBAFBE6E21}.Debug|Any CPU.ActiveCfg = Debug|Any CPU
		{EB09D940-9125-4F9C-A56D-1EDBAFBE6E21}.Debug|Any CPU.Build.0 = Debug|Any CPU
		{EB09D940-9125-4F9C-A56D-1EDBAFBE6E21}.Release|Any CPU.ActiveCfg = Release|Any CPU
		{EB09D940-9125-4F9C-A56D-1EDBAFBE6E21}.Release|Any CPU.Build.0 = Release|Any CPU
		{FC6AF3ED-5E03-4680-94A3-866F890B067A}.Debug|Any CPU.ActiveCfg = Debug|Any CPU
		{FC6AF3ED-5E03-4680-94A3-866F890B067A}.Debug|Any CPU.Build.0 = Debug|Any CPU
		{FC6AF3ED-5E03-4680-94A3-866F890B067A}.Release|Any CPU.ActiveCfg = Release|Any CPU
		{FC6AF3ED-5E03-4680-94A3-866F890B067A}.Release|Any CPU.Build.0 = Release|Any CPU
	EndGlobalSection
	GlobalSection(SolutionProperties) = preSolution
		HideSolutionNode = FALSE
	EndGlobalSection
	GlobalSection(ExtensibilityGlobals) = postSolution
		SolutionGuid = {13A3BD48-FE43-474E-A7AE-C0C7F5E8A1A1}
	EndGlobalSection
EndGlobal
