
Microsoft Visual Studio Solution File, Format Version 12.00
# Visual Studio Version 16
VisualStudioVersion = 16.0.31205.134
MinimumVisualStudioVersion = 10.0.40219.1
Project("{FAE04EC0-301F-11D3-BF4B-00C04F79EFBC}") = "Chapter7", "Chapter7.csproj", "{4C2E1634-A310-4CDA-AE82-831B6A330248}"
EndProject
Global
	GlobalSection(SolutionConfigurationPlatforms) = preSolution
		Debug|Any CPU = Debug|Any CPU
		Release|Any CPU = Release|Any CPU
	EndGlobalSection
	GlobalSection(ProjectConfigurationPlatforms) = postSolution
		{4C2E1634-A310-4CDA-AE82-831B6A330248}.Debug|Any CPU.ActiveCfg = Debug|Any CPU
		{4C2E1634-A310-4CDA-AE82-831B6A330248}.Debug|Any CPU.Build.0 = Debug|Any CPU
		{4C2E1634-A310-4CDA-AE82-831B6A330248}.Release|Any CPU.ActiveCfg = Release|Any CPU
		{4C2E1634-A310-4CDA-AE82-831B6A330248}.Release|Any CPU.Build.0 = Release|Any CPU
	EndGlobalSection
	GlobalSection(SolutionProperties) = preSolution
		HideSolutionNode = FALSE
	EndGlobalSection
	GlobalSection(ExtensibilityGlobals) = postSolution
		SolutionGuid = {2B054B92-330D-41F6-ACF4-37EA438287FE}
	EndGlobalSection
EndGlobal
