
Microsoft Visual Studio Solution File, Format Version 12.00
# Visual Studio Version 16
VisualStudioVersion = 16.0.31205.134
MinimumVisualStudioVersion = 10.0.40219.1
Project("{FAE04EC0-301F-11D3-BF4B-00C04F79EFBC}") = "Chapter4", "Chapter4.csproj", "{CAB299E2-062E-43BB-8575-037869A619F9}"
EndProject
Global
	GlobalSection(SolutionConfigurationPlatforms) = preSolution
		Debug|Any CPU = Debug|Any CPU
		Release|Any CPU = Release|Any CPU
	EndGlobalSection
	GlobalSection(ProjectConfigurationPlatforms) = postSolution
		{CAB299E2-062E-43BB-8575-037869A619F9}.Debug|Any CPU.ActiveCfg = Debug|Any CPU
		{CAB299E2-062E-43BB-8575-037869A619F9}.Debug|Any CPU.Build.0 = Debug|Any CPU
		{CAB299E2-062E-43BB-8575-037869A619F9}.Release|Any CPU.ActiveCfg = Release|Any CPU
		{CAB299E2-062E-43BB-8575-037869A619F9}.Release|Any CPU.Build.0 = Release|Any CPU
	EndGlobalSection
	GlobalSection(SolutionProperties) = preSolution
		HideSolutionNode = FALSE
	EndGlobalSection
	GlobalSection(ExtensibilityGlobals) = postSolution
		SolutionGuid = {155B870A-B0E2-4877-9075-8FDDB519B769}
	EndGlobalSection
EndGlobal
